
Microsoft Visual Studio Solution File, Format Version 12.00
# Visual Studio Version 17
VisualStudioVersion = 17.7.34003.232
MinimumVisualStudioVersion = 10.0.40219.1
Project("{8BC9CEB8-8B4A-11D0-8D11-00A0C91BC942}") = "CPP.MeterorMoshPit", "CPP.MeterorMoshPit\CPP.MeterorMoshPit.vcxproj", "{0CAFCBFC-AB9D-48FB-B8E1-E068F3857299}"
EndProject
Project("{8BC9CEB8-8B4A-11D0-8D11-00A0C91BC942}") = "UnitTests", "UnitTests\UnitTests.vcxproj", "{566AAABF-C762-4B48-9CA2-61D714754641}"
EndProject
Global
	GlobalSection(SolutionConfigurationPlatforms) = preSolution
		Debug|x64 = Debug|x64
		Debug|x86 = Debug|x86
		Release|x64 = Release|x64
		Release|x86 = Release|x86
	EndGlobalSection
	GlobalSection(ProjectConfigurationPlatforms) = postSolution
		{0CAFCBFC-AB9D-48FB-B8E1-E068F3857299}.Debug|x64.ActiveCfg = Debug|x64
		{0CAFCBFC-AB9D-48FB-B8E1-E068F3857299}.Debug|x64.Build.0 = Debug|x64
		{0CAFCBFC-AB9D-48FB-B8E1-E068F3857299}.Debug|x86.ActiveCfg = Debug|Win32
		{0CAFCBFC-AB9D-48FB-B8E1-E068F3857299}.Debug|x86.Build.0 = Debug|Win32
		{0CAFCBFC-AB9D-48FB-B8E1-E068F3857299}.Release|x64.ActiveCfg = Release|x64
		{0CAFCBFC-AB9D-48FB-B8E1-E068F3857299}.Release|x64.Build.0 = Release|x64
		{0CAFCBFC-AB9D-48FB-B8E1-E068F3857299}.Release|x86.ActiveCfg = Release|Win32
		{0CAFCBFC-AB9D-48FB-B8E1-E068F3857299}.Release|x86.Build.0 = Release|Win32
		{566AAABF-C762-4B48-9CA2-61D714754641}.Debug|x64.ActiveCfg = Debug|x64
		{566AAABF-C762-4B48-9CA2-61D714754641}.Debug|x64.Build.0 = Debug|x64
		{566AAABF-C762-4B48-9CA2-61D714754641}.Debug|x86.ActiveCfg = Debug|Win32
		{566AAABF-C762-4B48-9CA2-61D714754641}.Debug|x86.Build.0 = Debug|Win32
		{566AAABF-C762-4B48-9CA2-61D714754641}.Release|x64.ActiveCfg = Release|x64
		{566AAABF-C762-4B48-9CA2-61D714754641}.Release|x64.Build.0 = Release|x64
		{566AAABF-C762-4B48-9CA2-61D714754641}.Release|x86.ActiveCfg = Release|Win32
		{566AAABF-C762-4B48-9CA2-61D714754641}.Release|x86.Build.0 = Release|Win32
	EndGlobalSection
	GlobalSection(SolutionProperties) = preSolution
		HideSolutionNode = FALSE
	EndGlobalSection
	GlobalSection(ExtensibilityGlobals) = postSolution
		SolutionGuid = {3C2F5321-76B5-495B-8643-76C94270B8BD}
	EndGlobalSection
EndGlobal
